
Microsoft Visual Studio Solution File, Format Version 12.00
# Visual Studio Version 16
VisualStudioVersion = 16.0.33423.256
MinimumVisualStudioVersion = 10.0.40219.1
Project("{FAE04EC0-301F-11D3-BF4B-00C04F79EFBC}") = "Cadenas", "Cadenas\Cadenas.csproj", "{EC9CD8F7-8293-4C95-B7AD-2E1D2740B7D8}"
EndProject
Project("{FAE04EC0-301F-11D3-BF4B-00C04F79EFBC}") = "CadenasTest", "CadenasTest\CadenasTest.csproj", "{F65415EE-B5B5-4300-BC5D-ABB74DE2530E}"
EndProject
Global
	GlobalSection(SolutionConfigurationPlatforms) = preSolution
		Debug|Any CPU = Debug|Any CPU
		Release|Any CPU = Release|Any CPU
	EndGlobalSection
	GlobalSection(ProjectConfigurationPlatforms) = postSolution
		{EC9CD8F7-8293-4C95-B7AD-2E1D2740B7D8}.Debug|Any CPU.ActiveCfg = Debug|Any CPU
		{EC9CD8F7-8293-4C95-B7AD-2E1D2740B7D8}.Debug|Any CPU.Build.0 = Debug|Any CPU
		{EC9CD8F7-8293-4C95-B7AD-2E1D2740B7D8}.Release|Any CPU.ActiveCfg = Release|Any CPU
		{EC9CD8F7-8293-4C95-B7AD-2E1D2740B7D8}.Release|Any CPU.Build.0 = Release|Any CPU
		{F65415EE-B5B5-4300-BC5D-ABB74DE2530E}.Debug|Any CPU.ActiveCfg = Debug|Any CPU
		{F65415EE-B5B5-4300-BC5D-ABB74DE2530E}.Debug|Any CPU.Build.0 = Debug|Any CPU
		{F65415EE-B5B5-4300-BC5D-ABB74DE2530E}.Release|Any CPU.ActiveCfg = Release|Any CPU
		{F65415EE-B5B5-4300-BC5D-ABB74DE2530E}.Release|Any CPU.Build.0 = Release|Any CPU
	EndGlobalSection
	GlobalSection(SolutionProperties) = preSolution
		HideSolutionNode = FALSE
	EndGlobalSection
	GlobalSection(ExtensibilityGlobals) = postSolution
		SolutionGuid = {9D697B23-4BC0-4C71-80C6-0B6CB719E77E}
	EndGlobalSection
EndGlobal
